// !$*UTF8*$!
{
	archiveVersion = 1;
	classes = {
	};
	objectVersion = 51;
	objects = {

/* Begin PBXBuildFile section */
		7A18F98FFC33A63C19785490 /* Pods_LockSdkDemo.framework in Frameworks */ = {isa = PBXBuildFile; fileRef = 3FF0053EFB147F71E1EE4493 /* Pods_LockSdkDemo.framework */; };
		AA0DCCDD2359AED200FFB3FA /* AppDelegate.swift in Sources */ = {isa = PBXBuildFile; fileRef = AA0DCCDC2359AED200FFB3FA /* AppDelegate.swift */; };
		AA0DCCDF2359AED200FFB3FA /* ViewController.swift in Sources */ = {isa = PBXBuildFile; fileRef = AA0DCCDE2359AED200FFB3FA /* ViewController.swift */; };
		AA0DCCE22359AED200FFB3FA /* Main.storyboard in Resources */ = {isa = PBXBuildFile; fileRef = AA0DCCE02359AED200FFB3FA /* Main.storyboard */; };
		AA0DCCE52359AED200FFB3FA /* LockSdkDemo.xcdatamodeld in Sources */ = {isa = PBXBuildFile; fileRef = AA0DCCE32359AED200FFB3FA /* LockSdkDemo.xcdatamodeld */; };
		AA0DCCE72359AED500FFB3FA /* Assets.xcassets in Resources */ = {isa = PBXBuildFile; fileRef = AA0DCCE62359AED500FFB3FA /* Assets.xcassets */; };
		AA0DCCEA2359AED500FFB3FA /* LaunchScreen.storyboard in Resources */ = {isa = PBXBuildFile; fileRef = AA0DCCE82359AED500FFB3FA /* LaunchScreen.storyboard */; };
		AA0DCCF52359AED500FFB3FA /* LockSdkDemoTests.swift in Sources */ = {isa = PBXBuildFile; fileRef = AA0DCCF42359AED500FFB3FA /* LockSdkDemoTests.swift */; };
		AA0DCD002359AED500FFB3FA /* LockSdkDemoUITests.swift in Sources */ = {isa = PBXBuildFile; fileRef = AA0DCCFF2359AED500FFB3FA /* LockSdkDemoUITests.swift */; };
		AA0DCD142359AF5700FFB3FA /* LockUtil.swift in Sources */ = {isa = PBXBuildFile; fileRef = AA0DCD132359AF5700FFB3FA /* LockUtil.swift */; };
		AA855D84236031BC009ABA6F /* BluetoothDelegate.swift in Sources */ = {isa = PBXBuildFile; fileRef = AA855D81236031BC009ABA6F /* BluetoothDelegate.swift */; };
		AA855D85236031BC009ABA6F /* BluetoothManager.swift in Sources */ = {isa = PBXBuildFile; fileRef = AA855D82236031BC009ABA6F /* BluetoothManager.swift */; };
		AA855D86236031BC009ABA6F /* BluetoothManagerExtension.swift in Sources */ = {isa = PBXBuildFile; fileRef = AA855D83236031BC009ABA6F /* BluetoothManagerExtension.swift */; };
		AA855D89236031CF009ABA6F /* BleScanPage.swift in Sources */ = {isa = PBXBuildFile; fileRef = AA855D87236031CF009ABA6F /* BleScanPage.swift */; };
		AA855D8A236031CF009ABA6F /* LockFunctionPage.swift in Sources */ = {isa = PBXBuildFile; fileRef = AA855D88236031CF009ABA6F /* LockFunctionPage.swift */; };
		AA855D8F236031F7009ABA6F /* BleScanItemResult.swift in Sources */ = {isa = PBXBuildFile; fileRef = AA855D8C236031F7009ABA6F /* BleScanItemResult.swift */; };
		AA855D90236031F7009ABA6F /* CustomModalView.swift in Sources */ = {isa = PBXBuildFile; fileRef = AA855D8D236031F7009ABA6F /* CustomModalView.swift */; };
		AA855D91236031F7009ABA6F /* DevInfoHeaderView.swift in Sources */ = {isa = PBXBuildFile; fileRef = AA855D8E236031F7009ABA6F /* DevInfoHeaderView.swift */; };
		AA855D9423604777009ABA6F /* WunuLockLib.framework in Frameworks */ = {isa = PBXBuildFile; fileRef = AA855D9223604770009ABA6F /* WunuLockLib.framework */; };
		AA855D9523604777009ABA6F /* WunuLockLib.framework in Embed Frameworks */ = {isa = PBXBuildFile; fileRef = AA855D9223604770009ABA6F /* WunuLockLib.framework */; settings = {ATTRIBUTES = (CodeSignOnCopy, RemoveHeadersOnCopy, ); }; };
/* End PBXBuildFile section */

/* Begin PBXContainerItemProxy section */
		AA0DCCF12359AED500FFB3FA /* PBXContainerItemProxy */ = {
			isa = PBXContainerItemProxy;
			containerPortal = AA0DCCD12359AED200FFB3FA /* Project object */;
			proxyType = 1;
			remoteGlobalIDString = AA0DCCD82359AED200FFB3FA;
			remoteInfo = LockSdkDemo;
		};
		AA0DCCFC2359AED500FFB3FA /* PBXContainerItemProxy */ = {
			isa = PBXContainerItemProxy;
			containerPortal = AA0DCCD12359AED200FFB3FA /* Project object */;
			proxyType = 1;
			remoteGlobalIDString = AA0DCCD82359AED200FFB3FA;
			remoteInfo = LockSdkDemo;
		};
/* End PBXContainerItemProxy section */

/* Begin PBXCopyFilesBuildPhase section */
		AA0DCD112359AF1B00FFB3FA /* Embed Frameworks */ = {
			isa = PBXCopyFilesBuildPhase;
			buildActionMask = 2147483647;
			dstPath = "";
			dstSubfolderSpec = 10;
			files = (
				AA855D9523604777009ABA6F /* WunuLockLib.framework in Embed Frameworks */,
			);
			name = "Embed Frameworks";
			runOnlyForDeploymentPostprocessing = 0;
		};
/* End PBXCopyFilesBuildPhase section */

/* Begin PBXFileReference section */
		3FF0053EFB147F71E1EE4493 /* Pods_LockSdkDemo.framework */ = {isa = PBXFileReference; explicitFileType = wrapper.framework; includeInIndex = 0; path = Pods_LockSdkDemo.framework; sourceTree = BUILT_PRODUCTS_DIR; };
		55B11545262B7B5C188CD2D1 /* Pods-LockSdkDemo.debug.xcconfig */ = {isa = PBXFileReference; includeInIndex = 1; lastKnownFileType = text.xcconfig; name = "Pods-LockSdkDemo.debug.xcconfig"; path = "Target Support Files/Pods-LockSdkDemo/Pods-LockSdkDemo.debug.xcconfig"; sourceTree = "<group>"; };
		AA0DCCD92359AED200FFB3FA /* LockSdkDemo.app */ = {isa = PBXFileReference; explicitFileType = wrapper.application; includeInIndex = 0; path = LockSdkDemo.app; sourceTree = BUILT_PRODUCTS_DIR; };
		AA0DCCDC2359AED200FFB3FA /* AppDelegate.swift */ = {isa = PBXFileReference; lastKnownFileType = sourcecode.swift; path = AppDelegate.swift; sourceTree = "<group>"; };
		AA0DCCDE2359AED200FFB3FA /* ViewController.swift */ = {isa = PBXFileReference; lastKnownFileType = sourcecode.swift; path = ViewController.swift; sourceTree = "<group>"; };
		AA0DCCE12359AED200FFB3FA /* Base */ = {isa = PBXFileReference; lastKnownFileType = file.storyboard; name = Base; path = Base.lproj/Main.storyboard; sourceTree = "<group>"; };
		AA0DCCE42359AED200FFB3FA /* LockSdkDemo.xcdatamodel */ = {isa = PBXFileReference; lastKnownFileType = wrapper.xcdatamodel; path = LockSdkDemo.xcdatamodel; sourceTree = "<group>"; };
		AA0DCCE62359AED500FFB3FA /* Assets.xcassets */ = {isa = PBXFileReference; lastKnownFileType = folder.assetcatalog; path = Assets.xcassets; sourceTree = "<group>"; };
		AA0DCCE92359AED500FFB3FA /* Base */ = {isa = PBXFileReference; lastKnownFileType = file.storyboard; name = Base; path = Base.lproj/LaunchScreen.storyboard; sourceTree = "<group>"; };
		AA0DCCEB2359AED500FFB3FA /* Info.plist */ = {isa = PBXFileReference; lastKnownFileType = text.plist.xml; path = Info.plist; sourceTree = "<group>"; };
		AA0DCCF02359AED500FFB3FA /* LockSdkDemoTests.xctest */ = {isa = PBXFileReference; explicitFileType = wrapper.cfbundle; includeInIndex = 0; path = LockSdkDemoTests.xctest; sourceTree = BUILT_PRODUCTS_DIR; };
		AA0DCCF42359AED500FFB3FA /* LockSdkDemoTests.swift */ = {isa = PBXFileReference; lastKnownFileType = sourcecode.swift; path = LockSdkDemoTests.swift; sourceTree = "<group>"; };
		AA0DCCF62359AED500FFB3FA /* Info.plist */ = {isa = PBXFileReference; lastKnownFileType = text.plist.xml; path = Info.plist; sourceTree = "<group>"; };
		AA0DCCFB2359AED500FFB3FA /* LockSdkDemoUITests.xctest */ = {isa = PBXFileReference; explicitFileType = wrapper.cfbundle; includeInIndex = 0; path = LockSdkDemoUITests.xctest; sourceTree = BUILT_PRODUCTS_DIR; };
		AA0DCCFF2359AED500FFB3FA /* LockSdkDemoUITests.swift */ = {isa = PBXFileReference; lastKnownFileType = sourcecode.swift; path = LockSdkDemoUITests.swift; sourceTree = "<group>"; };
		AA0DCD012359AED500FFB3FA /* Info.plist */ = {isa = PBXFileReference; lastKnownFileType = text.plist.xml; path = Info.plist; sourceTree = "<group>"; };
		AA0DCD132359AF5700FFB3FA /* LockUtil.swift */ = {isa = PBXFileReference; fileEncoding = 4; lastKnownFileType = sourcecode.swift; name = LockUtil.swift; path = ../../../../../../WNLockSDK/WunuLockDemo/WunuLockDemo/util/LockUtil.swift; sourceTree = "<group>"; };
		AA855D81236031BC009ABA6F /* BluetoothDelegate.swift */ = {isa = PBXFileReference; fileEncoding = 4; lastKnownFileType = sourcecode.swift; path = BluetoothDelegate.swift; sourceTree = "<group>"; };
		AA855D82236031BC009ABA6F /* BluetoothManager.swift */ = {isa = PBXFileReference; fileEncoding = 4; lastKnownFileType = sourcecode.swift; path = BluetoothManager.swift; sourceTree = "<group>"; };
		AA855D83236031BC009ABA6F /* BluetoothManagerExtension.swift */ = {isa = PBXFileReference; fileEncoding = 4; lastKnownFileType = sourcecode.swift; path = BluetoothManagerExtension.swift; sourceTree = "<group>"; };
		AA855D87236031CF009ABA6F /* BleScanPage.swift */ = {isa = PBXFileReference; fileEncoding = 4; lastKnownFileType = sourcecode.swift; path = BleScanPage.swift; sourceTree = "<group>"; };
		AA855D88236031CF009ABA6F /* LockFunctionPage.swift */ = {isa = PBXFileReference; fileEncoding = 4; lastKnownFileType = sourcecode.swift; path = LockFunctionPage.swift; sourceTree = "<group>"; };
		AA855D8C236031F7009ABA6F /* BleScanItemResult.swift */ = {isa = PBXFileReference; fileEncoding = 4; lastKnownFileType = sourcecode.swift; path = BleScanItemResult.swift; sourceTree = "<group>"; };
		AA855D8D236031F7009ABA6F /* CustomModalView.swift */ = {isa = PBXFileReference; fileEncoding = 4; lastKnownFileType = sourcecode.swift; path = CustomModalView.swift; sourceTree = "<group>"; };
		AA855D8E236031F7009ABA6F /* DevInfoHeaderView.swift */ = {isa = PBXFileReference; fileEncoding = 4; lastKnownFileType = sourcecode.swift; path = DevInfoHeaderView.swift; sourceTree = "<group>"; };
		AA855D9223604770009ABA6F /* WunuLockLib.framework */ = {isa = PBXFileReference; lastKnownFileType = wrapper.framework; path = WunuLockLib.framework; sourceTree = "<group>"; };
		D5F132FA28AA72E54D6C8931 /* Pods-LockSdkDemo.release.xcconfig */ = {isa = PBXFileReference; includeInIndex = 1; lastKnownFileType = text.xcconfig; name = "Pods-LockSdkDemo.release.xcconfig"; path = "Target Support Files/Pods-LockSdkDemo/Pods-LockSdkDemo.release.xcconfig"; sourceTree = "<group>"; };
/* End PBXFileReference section */

/* Begin PBXFrameworksBuildPhase section */
		AA0DCCD62359AED200FFB3FA /* Frameworks */ = {
			isa = PBXFrameworksBuildPhase;
			buildActionMask = 2147483647;
			files = (
				AA855D9423604777009ABA6F /* WunuLockLib.framework in Frameworks */,
				7A18F98FFC33A63C19785490 /* Pods_LockSdkDemo.framework in Frameworks */,
			);
			runOnlyForDeploymentPostprocessing = 0;
		};
		AA0DCCED2359AED500FFB3FA /* Frameworks */ = {
			isa = PBXFrameworksBuildPhase;
			buildActionMask = 2147483647;
			files = (
			);
			runOnlyForDeploymentPostprocessing = 0;
		};
		AA0DCCF82359AED500FFB3FA /* Frameworks */ = {
			isa = PBXFrameworksBuildPhase;
			buildActionMask = 2147483647;
			files = (
			);
			runOnlyForDeploymentPostprocessing = 0;
		};
/* End PBXFrameworksBuildPhase section */

/* Begin PBXGroup section */
		94A5A3EC54C633C71103B36C /* Frameworks */ = {
			isa = PBXGroup;
			children = (
				3FF0053EFB147F71E1EE4493 /* Pods_LockSdkDemo.framework */,
			);
			name = Frameworks;
			sourceTree = "<group>";
		};
		AA0DCCD02359AED200FFB3FA = {
			isa = PBXGroup;
			children = (
				AA855D9223604770009ABA6F /* WunuLockLib.framework */,
				AA0DCCDB2359AED200FFB3FA /* LockSdkDemo */,
				AA0DCCF32359AED500FFB3FA /* LockSdkDemoTests */,
				AA0DCCFE2359AED500FFB3FA /* LockSdkDemoUITests */,
				AA0DCCDA2359AED200FFB3FA /* Products */,
				ECA5D1C778CA6F1AD70F83C3 /* Pods */,
				94A5A3EC54C633C71103B36C /* Frameworks */,
			);
			sourceTree = "<group>";
		};
		AA0DCCDA2359AED200FFB3FA /* Products */ = {
			isa = PBXGroup;
			children = (
				AA0DCCD92359AED200FFB3FA /* LockSdkDemo.app */,
				AA0DCCF02359AED500FFB3FA /* LockSdkDemoTests.xctest */,
				AA0DCCFB2359AED500FFB3FA /* LockSdkDemoUITests.xctest */,
			);
			name = Products;
			sourceTree = "<group>";
		};
		AA0DCCDB2359AED200FFB3FA /* LockSdkDemo */ = {
			isa = PBXGroup;
			children = (
				AA855D8B236031D8009ABA6F /* views */,
				AA855D8023603169009ABA6F /* ble */,
				AA0DCD232359AF6F00FFB3FA /* pages */,
				AA0DCD122359AF3E00FFB3FA /* util */,
				AA0DCCDC2359AED200FFB3FA /* AppDelegate.swift */,
				AA0DCCDE2359AED200FFB3FA /* ViewController.swift */,
				AA0DCCE02359AED200FFB3FA /* Main.storyboard */,
				AA0DCCE62359AED500FFB3FA /* Assets.xcassets */,
				AA0DCCE82359AED500FFB3FA /* LaunchScreen.storyboard */,
				AA0DCCEB2359AED500FFB3FA /* Info.plist */,
				AA0DCCE32359AED200FFB3FA /* LockSdkDemo.xcdatamodeld */,
			);
			path = LockSdkDemo;
			sourceTree = "<group>";
		};
		AA0DCCF32359AED500FFB3FA /* LockSdkDemoTests */ = {
			isa = PBXGroup;
			children = (
				AA0DCCF42359AED500FFB3FA /* LockSdkDemoTests.swift */,
				AA0DCCF62359AED500FFB3FA /* Info.plist */,
			);
			path = LockSdkDemoTests;
			sourceTree = "<group>";
		};
		AA0DCCFE2359AED500FFB3FA /* LockSdkDemoUITests */ = {
			isa = PBXGroup;
			children = (
				AA0DCCFF2359AED500FFB3FA /* LockSdkDemoUITests.swift */,
				AA0DCD012359AED500FFB3FA /* Info.plist */,
			);
			path = LockSdkDemoUITests;
			sourceTree = "<group>";
		};
		AA0DCD122359AF3E00FFB3FA /* util */ = {
			isa = PBXGroup;
			children = (
				AA0DCD132359AF5700FFB3FA /* LockUtil.swift */,
			);
			path = util;
			sourceTree = "<group>";
		};
		AA0DCD232359AF6F00FFB3FA /* pages */ = {
			isa = PBXGroup;
			children = (
				AA855D87236031CF009ABA6F /* BleScanPage.swift */,
				AA855D88236031CF009ABA6F /* LockFunctionPage.swift */,
			);
			path = pages;
			sourceTree = "<group>";
		};
		AA855D8023603169009ABA6F /* ble */ = {
			isa = PBXGroup;
			children = (
				AA855D81236031BC009ABA6F /* BluetoothDelegate.swift */,
				AA855D82236031BC009ABA6F /* BluetoothManager.swift */,
				AA855D83236031BC009ABA6F /* BluetoothManagerExtension.swift */,
			);
			path = ble;
			sourceTree = "<group>";
		};
		AA855D8B236031D8009ABA6F /* views */ = {
			isa = PBXGroup;
			children = (
				AA855D8C236031F7009ABA6F /* BleScanItemResult.swift */,
				AA855D8D236031F7009ABA6F /* CustomModalView.swift */,
				AA855D8E236031F7009ABA6F /* DevInfoHeaderView.swift */,
			);
			path = views;
			sourceTree = "<group>";
		};
		ECA5D1C778CA6F1AD70F83C3 /* Pods */ = {
			isa = PBXGroup;
			children = (
				55B11545262B7B5C188CD2D1 /* Pods-LockSdkDemo.debug.xcconfig */,
				D5F132FA28AA72E54D6C8931 /* Pods-LockSdkDemo.release.xcconfig */,
			);
			path = Pods;
			sourceTree = "<group>";
		};
/* End PBXGroup section */

/* Begin PBXNativeTarget section */
		AA0DCCD82359AED200FFB3FA /* LockSdkDemo */ = {
			isa = PBXNativeTarget;
			buildConfigurationList = AA0DCD042359AED500FFB3FA /* Build configuration list for PBXNativeTarget "LockSdkDemo" */;
			buildPhases = (
				6AB49C5DB9DB5A39F2AF9AA5 /* [CP] Check Pods Manifest.lock */,
				AA0DCCD52359AED200FFB3FA /* Sources */,
				AA0DCCD62359AED200FFB3FA /* Frameworks */,
				AA0DCCD72359AED200FFB3FA /* Resources */,
				AA0DCD112359AF1B00FFB3FA /* Embed Frameworks */,
				58B8A5245CFEE208EE52B22A /* [CP] Embed Pods Frameworks */,
			);
			buildRules = (
			);
			dependencies = (
			);
			name = LockSdkDemo;
			productName = LockSdkDemo;
			productReference = AA0DCCD92359AED200FFB3FA /* LockSdkDemo.app */;
			productType = "com.apple.product-type.application";
		};
		AA0DCCEF2359AED500FFB3FA /* LockSdkDemoTests */ = {
			isa = PBXNativeTarget;
			buildConfigurationList = AA0DCD072359AED500FFB3FA /* Build configuration list for PBXNativeTarget "LockSdkDemoTests" */;
			buildPhases = (
				AA0DCCEC2359AED500FFB3FA /* Sources */,
				AA0DCCED2359AED500FFB3FA /* Frameworks */,
				AA0DCCEE2359AED500FFB3FA /* Resources */,
			);
			buildRules = (
			);
			dependencies = (
				AA0DCCF22359AED500FFB3FA /* PBXTargetDependency */,
			);
			name = LockSdkDemoTests;
			productName = LockSdkDemoTests;
			productReference = AA0DCCF02359AED500FFB3FA /* LockSdkDemoTests.xctest */;
			productType = "com.apple.product-type.bundle.unit-test";
		};
		AA0DCCFA2359AED500FFB3FA /* LockSdkDemoUITests */ = {
			isa = PBXNativeTarget;
			buildConfigurationList = AA0DCD0A2359AED500FFB3FA /* Build configuration list for PBXNativeTarget "LockSdkDemoUITests" */;
			buildPhases = (
				AA0DCCF72359AED500FFB3FA /* Sources */,
				AA0DCCF82359AED500FFB3FA /* Frameworks */,
				AA0DCCF92359AED500FFB3FA /* Resources */,
			);
			buildRules = (
			);
			dependencies = (
				AA0DCCFD2359AED500FFB3FA /* PBXTargetDependency */,
			);
			name = LockSdkDemoUITests;
			productName = LockSdkDemoUITests;
			productReference = AA0DCCFB2359AED500FFB3FA /* LockSdkDemoUITests.xctest */;
			productType = "com.apple.product-type.bundle.ui-testing";
		};
/* End PBXNativeTarget section */

/* Begin PBXProject section */
		AA0DCCD12359AED200FFB3FA /* Project object */ = {
			isa = PBXProject;
			attributes = {
				LastSwiftUpdateCheck = 1010;
				LastUpgradeCheck = 1110;
				ORGANIZATIONNAME = Iwunu;
				TargetAttributes = {
					AA0DCCD82359AED200FFB3FA = {
						CreatedOnToolsVersion = 10.1;
					};
					AA0DCCEF2359AED500FFB3FA = {
						CreatedOnToolsVersion = 10.1;
						TestTargetID = AA0DCCD82359AED200FFB3FA;
					};
					AA0DCCFA2359AED500FFB3FA = {
						CreatedOnToolsVersion = 10.1;
						TestTargetID = AA0DCCD82359AED200FFB3FA;
					};
				};
			};
			buildConfigurationList = AA0DCCD42359AED200FFB3FA /* Build configuration list for PBXProject "LockSdkDemo" */;
			compatibilityVersion = "Xcode 9.3";
			developmentRegion = en;
			hasScannedForEncodings = 0;
			knownRegions = (
				en,
				Base,
			);
			mainGroup = AA0DCCD02359AED200FFB3FA;
			productRefGroup = AA0DCCDA2359AED200FFB3FA /* Products */;
			projectDirPath = "";
			projectRoot = "";
			targets = (
				AA0DCCD82359AED200FFB3FA /* LockSdkDemo */,
				AA0DCCEF2359AED500FFB3FA /* LockSdkDemoTests */,
				AA0DCCFA2359AED500FFB3FA /* LockSdkDemoUITests */,
			);
		};
/* End PBXProject section */

/* Begin PBXResourcesBuildPhase section */
		AA0DCCD72359AED200FFB3FA /* Resources */ = {
			isa = PBXResourcesBuildPhase;
			buildActionMask = 2147483647;
			files = (
				AA0DCCEA2359AED500FFB3FA /* LaunchScreen.storyboard in Resources */,
				AA0DCCE72359AED500FFB3FA /* Assets.xcassets in Resources */,
				AA0DCCE22359AED200FFB3FA /* Main.storyboard in Resources */,
			);
			runOnlyForDeploymentPostprocessing = 0;
		};
		AA0DCCEE2359AED500FFB3FA /* Resources */ = {
			isa = PBXResourcesBuildPhase;
			buildActionMask = 2147483647;
			files = (
			);
			runOnlyForDeploymentPostprocessing = 0;
		};
		AA0DCCF92359AED500FFB3FA /* Resources */ = {
			isa = PBXResourcesBuildPhase;
			buildActionMask = 2147483647;
			files = (
			);
			runOnlyForDeploymentPostprocessing = 0;
		};
/* End PBXResourcesBuildPhase section */

/* Begin PBXShellScriptBuildPhase section */
		58B8A5245CFEE208EE52B22A /* [CP] Embed Pods Frameworks */ = {
			isa = PBXShellScriptBuildPhase;
			buildActionMask = 2147483647;
			files = (
			);
			inputFileListPaths = (
				"${PODS_ROOT}/Target Support Files/Pods-LockSdkDemo/Pods-LockSdkDemo-frameworks-${CONFIGURATION}-input-files.xcfilelist",
			);
			name = "[CP] Embed Pods Frameworks";
			outputFileListPaths = (
				"${PODS_ROOT}/Target Support Files/Pods-LockSdkDemo/Pods-LockSdkDemo-frameworks-${CONFIGURATION}-output-files.xcfilelist",
			);
			runOnlyForDeploymentPostprocessing = 0;
			shellPath = /bin/sh;
			shellScript = "\"${PODS_ROOT}/Target Support Files/Pods-LockSdkDemo/Pods-LockSdkDemo-frameworks.sh\"\n";
			showEnvVarsInLog = 0;
		};
		6AB49C5DB9DB5A39F2AF9AA5 /* [CP] Check Pods Manifest.lock */ = {
			isa = PBXShellScriptBuildPhase;
			buildActionMask = 2147483647;
			files = (
			);
			inputFileListPaths = (
			);
			inputPaths = (
				"${PODS_PODFILE_DIR_PATH}/Podfile.lock",
				"${PODS_ROOT}/Manifest.lock",
			);
			name = "[CP] Check Pods Manifest.lock";
			outputFileListPaths = (
			);
			outputPaths = (
				"$(DERIVED_FILE_DIR)/Pods-LockSdkDemo-checkManifestLockResult.txt",
			);
			runOnlyForDeploymentPostprocessing = 0;
			shellPath = /bin/sh;
			shellScript = "diff \"${PODS_PODFILE_DIR_PATH}/Podfile.lock\" \"${PODS_ROOT}/Manifest.lock\" > /dev/null\nif [ $? != 0 ] ; then\n    # print error to STDERR\n    echo \"error: The sandbox is not in sync with the Podfile.lock. Run 'pod install' or update your CocoaPods installation.\" >&2\n    exit 1\nfi\n# This output is used by Xcode 'outputs' to avoid re-running this script phase.\necho \"SUCCESS\" > \"${SCRIPT_OUTPUT_FILE_0}\"\n";
			showEnvVarsInLog = 0;
		};
/* End PBXShellScriptBuildPhase section */

/* Begin PBXSourcesBuildPhase section */
		AA0DCCD52359AED200FFB3FA /* Sources */ = {
			isa = PBXSourcesBuildPhase;
			buildActionMask = 2147483647;
			files = (
				AA855D8F236031F7009ABA6F /* BleScanItemResult.swift in Sources */,
				AA855D89236031CF009ABA6F /* BleScanPage.swift in Sources */,
				AA0DCD142359AF5700FFB3FA /* LockUtil.swift in Sources */,
				AA0DCCDF2359AED200FFB3FA /* ViewController.swift in Sources */,
				AA855D90236031F7009ABA6F /* CustomModalView.swift in Sources */,
				AA855D91236031F7009ABA6F /* DevInfoHeaderView.swift in Sources */,
				AA0DCCE52359AED200FFB3FA /* LockSdkDemo.xcdatamodeld in Sources */,
				AA855D8A236031CF009ABA6F /* LockFunctionPage.swift in Sources */,
				AA0DCCDD2359AED200FFB3FA /* AppDelegate.swift in Sources */,
				AA855D85236031BC009ABA6F /* BluetoothManager.swift in Sources */,
				AA855D86236031BC009ABA6F /* BluetoothManagerExtension.swift in Sources */,
				AA855D84236031BC009ABA6F /* BluetoothDelegate.swift in Sources */,
			);
			runOnlyForDeploymentPostprocessing = 0;
		};
		AA0DCCEC2359AED500FFB3FA /* Sources */ = {
			isa = PBXSourcesBuildPhase;
			buildActionMask = 2147483647;
			files = (
				AA0DCCF52359AED500FFB3FA /* LockSdkDemoTests.swift in Sources */,
			);
			runOnlyForDeploymentPostprocessing = 0;
		};
		AA0DCCF72359AED500FFB3FA /* Sources */ = {
			isa = PBXSourcesBuildPhase;
			buildActionMask = 2147483647;
			files = (
				AA0DCD002359AED500FFB3FA /* LockSdkDemoUITests.swift in Sources */,
			);
			runOnlyForDeploymentPostprocessing = 0;
		};
/* End PBXSourcesBuildPhase section */

/* Begin PBXTargetDependency section */
		AA0DCCF22359AED500FFB3FA /* PBXTargetDependency */ = {
			isa = PBXTargetDependency;
			target = AA0DCCD82359AED200FFB3FA /* LockSdkDemo */;
			targetProxy = AA0DCCF12359AED500FFB3FA /* PBXContainerItemProxy */;
		};
		AA0DCCFD2359AED500FFB3FA /* PBXTargetDependency */ = {
			isa = PBXTargetDependency;
			target = AA0DCCD82359AED200FFB3FA /* LockSdkDemo */;
			targetProxy = AA0DCCFC2359AED500FFB3FA /* PBXContainerItemProxy */;
		};
/* End PBXTargetDependency section */

/* Begin PBXVariantGroup section */
		AA0DCCE02359AED200FFB3FA /* Main.storyboard */ = {
			isa = PBXVariantGroup;
			children = (
				AA0DCCE12359AED200FFB3FA /* Base */,
			);
			name = Main.storyboard;
			sourceTree = "<group>";
		};
		AA0DCCE82359AED500FFB3FA /* LaunchScreen.storyboard */ = {
			isa = PBXVariantGroup;
			children = (
				AA0DCCE92359AED500FFB3FA /* Base */,
			);
			name = LaunchScreen.storyboard;
			sourceTree = "<group>";
		};
/* End PBXVariantGroup section */

/* Begin XCBuildConfiguration section */
		AA0DCD022359AED500FFB3FA /* Debug */ = {
			isa = XCBuildConfiguration;
			buildSettings = {
				ALWAYS_SEARCH_USER_PATHS = NO;
				CLANG_ANALYZER_NONNULL = YES;
				CLANG_ANALYZER_NUMBER_OBJECT_CONVERSION = YES_AGGRESSIVE;
				CLANG_CXX_LANGUAGE_STANDARD = "gnu++14";
				CLANG_CXX_LIBRARY = "libc++";
				CLANG_ENABLE_MODULES = YES;
				CLANG_ENABLE_OBJC_ARC = YES;
				CLANG_ENABLE_OBJC_WEAK = YES;
				CLANG_WARN_BLOCK_CAPTURE_AUTORELEASING = YES;
				CLANG_WARN_BOOL_CONVERSION = YES;
				CLANG_WARN_COMMA = YES;
				CLANG_WARN_CONSTANT_CONVERSION = YES;
				CLANG_WARN_DEPRECATED_OBJC_IMPLEMENTATIONS = YES;
				CLANG_WARN_DIRECT_OBJC_ISA_USAGE = YES_ERROR;
				CLANG_WARN_DOCUMENTATION_COMMENTS = YES;
				CLANG_WARN_EMPTY_BODY = YES;
				CLANG_WARN_ENUM_CONVERSION = YES;
				CLANG_WARN_INFINITE_RECURSION = YES;
				CLANG_WARN_INT_CONVERSION = YES;
				CLANG_WARN_NON_LITERAL_NULL_CONVERSION = YES;
				CLANG_WARN_OBJC_IMPLICIT_RETAIN_SELF = YES;
				CLANG_WARN_OBJC_LITERAL_CONVERSION = YES;
				CLANG_WARN_OBJC_ROOT_CLASS = YES_ERROR;
				CLANG_WARN_RANGE_LOOP_ANALYSIS = YES;
				CLANG_WARN_STRICT_PROTOTYPES = YES;
				CLANG_WARN_SUSPICIOUS_MOVE = YES;
				CLANG_WARN_UNGUARDED_AVAILABILITY = YES_AGGRESSIVE;
				CLANG_WARN_UNREACHABLE_CODE = YES;
				CLANG_WARN__DUPLICATE_METHOD_MATCH = YES;
				CODE_SIGN_IDENTITY = "iPhone Developer";
				COPY_PHASE_STRIP = NO;
				DEBUG_INFORMATION_FORMAT = dwarf;
				ENABLE_STRICT_OBJC_MSGSEND = YES;
				ENABLE_TESTABILITY = YES;
				GCC_C_LANGUAGE_STANDARD = gnu11;
				GCC_DYNAMIC_NO_PIC = NO;
				GCC_NO_COMMON_BLOCKS = YES;
				GCC_OPTIMIZATION_LEVEL = 0;
				GCC_PREPROCESSOR_DEFINITIONS = (
					"DEBUG=1",
					"$(inherited)",
				);
				GCC_WARN_64_TO_32_BIT_CONVERSION = YES;
				GCC_WARN_ABOUT_RETURN_TYPE = YES_ERROR;
				GCC_WARN_UNDECLARED_SELECTOR = YES;
				GCC_WARN_UNINITIALIZED_AUTOS = YES_AGGRESSIVE;
				GCC_WARN_UNUSED_FUNCTION = YES;
				GCC_WARN_UNUSED_VARIABLE = YES;
				IPHONEOS_DEPLOYMENT_TARGET = 12.1;
				MTL_ENABLE_DEBUG_INFO = INCLUDE_SOURCE;
				MTL_FAST_MATH = YES;
				ONLY_ACTIVE_ARCH = YES;
				SDKROOT = iphoneos;
				SWIFT_ACTIVE_COMPILATION_CONDITIONS = DEBUG;
				SWIFT_OPTIMIZATION_LEVEL = "-Onone";
			};
			name = Debug;
		};
		AA0DCD032359AED500FFB3FA /* Release */ = {
			isa = XCBuildConfiguration;
			buildSettings = {
				ALWAYS_SEARCH_USER_PATHS = NO;
				CLANG_ANALYZER_NONNULL = YES;
				CLANG_ANALYZER_NUMBER_OBJECT_CONVERSION = YES_AGGRESSIVE;
				CLANG_CXX_LANGUAGE_STANDARD = "gnu++14";
				CLANG_CXX_LIBRARY = "libc++";
				CLANG_ENABLE_MODULES = YES;
				CLANG_ENABLE_OBJC_ARC = YES;
				CLANG_ENABLE_OBJC_WEAK = YES;
				CLANG_WARN_BLOCK_CAPTURE_AUTORELEASING = YES;
				CLANG_WARN_BOOL_CONVERSION = YES;
				CLANG_WARN_COMMA = YES;
				CLANG_WARN_CONSTANT_CONVERSION = YES;
				CLANG_WARN_DEPRECATED_OBJC_IMPLEMENTATIONS = YES;
				CLANG_WARN_DIRECT_OBJC_ISA_USAGE = YES_ERROR;
				CLANG_WARN_DOCUMENTATION_COMMENTS = YES;
				CLANG_WARN_EMPTY_BODY = YES;
				CLANG_WARN_ENUM_CONVERSION = YES;
				CLANG_WARN_INFINITE_RECURSION = YES;
				CLANG_WARN_INT_CONVERSION = YES;
				CLANG_WARN_NON_LITERAL_NULL_CONVERSION = YES;
				CLANG_WARN_OBJC_IMPLICIT_RETAIN_SELF = YES;
				CLANG_WARN_OBJC_LITERAL_CONVERSION = YES;
				CLANG_WARN_OBJC_ROOT_CLASS = YES_ERROR;
				CLANG_WARN_RANGE_LOOP_ANALYSIS = YES;
				CLANG_WARN_STRICT_PROTOTYPES = YES;
				CLANG_WARN_SUSPICIOUS_MOVE = YES;
				CLANG_WARN_UNGUARDED_AVAILABILITY = YES_AGGRESSIVE;
				CLANG_WARN_UNREACHABLE_CODE = YES;
				CLANG_WARN__DUPLICATE_METHOD_MATCH = YES;
				CODE_SIGN_IDENTITY = "iPhone Developer";
				COPY_PHASE_STRIP = NO;
				DEBUG_INFORMATION_FORMAT = "dwarf-with-dsym";
				ENABLE_NS_ASSERTIONS = NO;
				ENABLE_STRICT_OBJC_MSGSEND = YES;
				GCC_C_LANGUAGE_STANDARD = gnu11;
				GCC_NO_COMMON_BLOCKS = YES;
				GCC_WARN_64_TO_32_BIT_CONVERSION = YES;
				GCC_WARN_ABOUT_RETURN_TYPE = YES_ERROR;
				GCC_WARN_UNDECLARED_SELECTOR = YES;
				GCC_WARN_UNINITIALIZED_AUTOS = YES_AGGRESSIVE;
				GCC_WARN_UNUSED_FUNCTION = YES;
				GCC_WARN_UNUSED_VARIABLE = YES;
				IPHONEOS_DEPLOYMENT_TARGET = 12.1;
				MTL_ENABLE_DEBUG_INFO = NO;
				MTL_FAST_MATH = YES;
				SDKROOT = iphoneos;
				SWIFT_COMPILATION_MODE = wholemodule;
				SWIFT_OPTIMIZATION_LEVEL = "-O";
				VALIDATE_PRODUCT = YES;
			};
			name = Release;
		};
		AA0DCD052359AED500FFB3FA /* Debug */ = {
			isa = XCBuildConfiguration;
			baseConfigurationReference = 55B11545262B7B5C188CD2D1 /* Pods-LockSdkDemo.debug.xcconfig */;
			buildSettings = {
				ASSETCATALOG_COMPILER_APPICON_NAME = AppIcon;
				CODE_SIGN_STYLE = Automatic;
				DEVELOPMENT_ASSET_PATHS = "";
				DEVELOPMENT_TEAM = 6Z2F84KXQL;
				FRAMEWORK_SEARCH_PATHS = (
					"$(inherited)",
					"$(PROJECT_DIR)/LockSdkDemo",
					"$(PROJECT_DIR)",
				);
				INFOPLIST_FILE = LockSdkDemo/Info.plist;
				IPHONEOS_DEPLOYMENT_TARGET = 11.0;
				LD_RUNPATH_SEARCH_PATHS = (
					"$(inherited)",
					"@executable_path/Frameworks",
				);
				PRODUCT_BUNDLE_IDENTIFIER = com.iwunu.locksdk.demo;
				PRODUCT_NAME = "$(TARGET_NAME)";
				SWIFT_VERSION = 4.0;
				TARGETED_DEVICE_FAMILY = "1,2";
			};
			name = Debug;
		};
		AA0DCD062359AED500FFB3FA /* Release */ = {
			isa = XCBuildConfiguration;
			baseConfigurationReference = D5F132FA28AA72E54D6C8931 /* Pods-LockSdkDemo.release.xcconfig */;
			buildSettings = {
				ASSETCATALOG_COMPILER_APPICON_NAME = AppIcon;
				CODE_SIGN_STYLE = Automatic;
				DEVELOPMENT_ASSET_PATHS = "";
				DEVELOPMENT_TEAM = 6Z2F84KXQL;
				FRAMEWORK_SEARCH_PATHS = (
					"$(inherited)",
					"$(PROJECT_DIR)/LockSdkDemo",
					"$(PROJECT_DIR)",
				);
				INFOPLIST_FILE = LockSdkDemo/Info.plist;
				IPHONEOS_DEPLOYMENT_TARGET = 11.0;
				LD_RUNPATH_SEARCH_PATHS = (
					"$(inherited)",
					"@executable_path/Frameworks",
				);
				PRODUCT_BUNDLE_IDENTIFIER = com.iwunu.locksdk.demo;
				PRODUCT_NAME = "$(TARGET_NAME)";
				SWIFT_VERSION = 4.0;
				TARGETED_DEVICE_FAMILY = "1,2";
			};
			name = Release;
		};
		AA0DCD082359AED500FFB3FA /* Debug */ = {
			isa = XCBuildConfiguration;
			buildSettings = {
				ALWAYS_EMBED_SWIFT_STANDARD_LIBRARIES = YES;
				BUNDLE_LOADER = "$(TEST_HOST)";
				CODE_SIGN_STYLE = Automatic;
				DEVELOPMENT_TEAM = 6Z2F84KXQL;
				INFOPLIST_FILE = LockSdkDemoTests/Info.plist;
				LD_RUNPATH_SEARCH_PATHS = (
					"$(inherited)",
					"@executable_path/Frameworks",
					"@loader_path/Frameworks",
				);
				PRODUCT_BUNDLE_IDENTIFIER = com.wunu.LockSdkDemoTests;
				PRODUCT_NAME = "$(TARGET_NAME)";
				SWIFT_VERSION = 4.2;
				TARGETED_DEVICE_FAMILY = "1,2";
				TEST_HOST = "$(BUILT_PRODUCTS_DIR)/LockSdkDemo.app/LockSdkDemo";
			};
			name = Debug;
		};
		AA0DCD092359AED500FFB3FA /* Release */ = {
			isa = XCBuildConfiguration;
			buildSettings = {
				ALWAYS_EMBED_SWIFT_STANDARD_LIBRARIES = YES;
				BUNDLE_LOADER = "$(TEST_HOST)";
				CODE_SIGN_STYLE = Automatic;
				DEVELOPMENT_TEAM = 6Z2F84KXQL;
				INFOPLIST_FILE = LockSdkDemoTests/Info.plist;
				LD_RUNPATH_SEARCH_PATHS = (
					"$(inherited)",
					"@executable_path/Frameworks",
					"@loader_path/Frameworks",
				);
				PRODUCT_BUNDLE_IDENTIFIER = com.wunu.LockSdkDemoTests;
				PRODUCT_NAME = "$(TARGET_NAME)";
				SWIFT_VERSION = 4.2;
				TARGETED_DEVICE_FAMILY = "1,2";
				TEST_HOST = "$(BUILT_PRODUCTS_DIR)/LockSdkDemo.app/LockSdkDemo";
			};
			name = Release;
		};
		AA0DCD0B2359AED500FFB3FA /* Debug */ = {
			isa = XCBuildConfiguration;
			buildSettings = {
				ALWAYS_EMBED_SWIFT_STANDARD_LIBRARIES = YES;
				CODE_SIGN_STYLE = Automatic;
				DEVELOPMENT_TEAM = 6Z2F84KXQL;
				INFOPLIST_FILE = LockSdkDemoUITests/Info.plist;
				LD_RUNPATH_SEARCH_PATHS = (
					"$(inherited)",
					"@executable_path/Frameworks",
					"@loader_path/Frameworks",
				);
				PRODUCT_BUNDLE_IDENTIFIER = com.wunu.LockSdkDemoUITests;
				PRODUCT_NAME = "$(TARGET_NAME)";
				SWIFT_VERSION = 4.2;
				TARGETED_DEVICE_FAMILY = "1,2";
				TEST_TARGET_NAME = LockSdkDemo;
			};
			name = Debug;
		};
		AA0DCD0C2359AED500FFB3FA /* Release */ = {
			isa = XCBuildConfiguration;
			buildSettings = {
				ALWAYS_EMBED_SWIFT_STANDARD_LIBRARIES = YES;
				CODE_SIGN_STYLE = Automatic;
				DEVELOPMENT_TEAM = 6Z2F84KXQL;
				INFOPLIST_FILE = LockSdkDemoUITests/Info.plist;
				LD_RUNPATH_SEARCH_PATHS = (
					"$(inherited)",
					"@executable_path/Frameworks",
					"@loader_path/Frameworks",
				);
				PRODUCT_BUNDLE_IDENTIFIER = com.wunu.LockSdkDemoUITests;
				PRODUCT_NAME = "$(TARGET_NAME)";
				SWIFT_VERSION = 4.2;
				TARGETED_DEVICE_FAMILY = "1,2";
				TEST_TARGET_NAME = LockSdkDemo;
			};
			name = Release;
		};
/* End XCBuildConfiguration section */

/* Begin XCConfigurationList section */
		AA0DCCD42359AED200FFB3FA /* Build configuration list for PBXProject "LockSdkDemo" */ = {
			isa = XCConfigurationList;
			buildConfigurations = (
				AA0DCD022359AED500FFB3FA /* Debug */,
				AA0DCD032359AED500FFB3FA /* Release */,
			);
			defaultConfigurationIsVisible = 0;
			defaultConfigurationName = Release;
		};
		AA0DCD042359AED500FFB3FA /* Build configuration list for PBXNativeTarget "LockSdkDemo" */ = {
			isa = XCConfigurationList;
			buildConfigurations = (
				AA0DCD052359AED500FFB3FA /* Debug */,
				AA0DCD062359AED500FFB3FA /* Release */,
			);
			defaultConfigurationIsVisible = 0;
			defaultConfigurationName = Release;
		};
		AA0DCD072359AED500FFB3FA /* Build configuration list for PBXNativeTarget "LockSdkDemoTests" */ = {
			isa = XCConfigurationList;
			buildConfigurations = (
				AA0DCD082359AED500FFB3FA /* Debug */,
				AA0DCD092359AED500FFB3FA /* Release */,
			);
			defaultConfigurationIsVisible = 0;
			defaultConfigurationName = Release;
		};
		AA0DCD0A2359AED500FFB3FA /* Build configuration list for PBXNativeTarget "LockSdkDemoUITests" */ = {
			isa = XCConfigurationList;
			buildConfigurations = (
				AA0DCD0B2359AED500FFB3FA /* Debug */,
				AA0DCD0C2359AED500FFB3FA /* Release */,
			);
			defaultConfigurationIsVisible = 0;
			defaultConfigurationName = Release;
		};
/* End XCConfigurationList section */

/* Begin XCVersionGroup section */
		AA0DCCE32359AED200FFB3FA /* LockSdkDemo.xcdatamodeld */ = {
			isa = XCVersionGroup;
			children = (
				AA0DCCE42359AED200FFB3FA /* LockSdkDemo.xcdatamodel */,
			);
			currentVersion = AA0DCCE42359AED200FFB3FA /* LockSdkDemo.xcdatamodel */;
			path = LockSdkDemo.xcdatamodeld;
			sourceTree = "<group>";
			versionGroupType = wrapper.xcdatamodel;
		};
/* End XCVersionGroup section */
	};
	rootObject = AA0DCCD12359AED200FFB3FA /* Project object */;
}
